
Microsoft Visual Studio Solution File, Format Version 12.00
# Visual Studio 15
VisualStudioVersion = 15.0.28307.168
MinimumVisualStudioVersion = 10.0.40219.1
Project("{9A19103F-16F7-4668-BE54-9A1E7A4F7556}") = "Web", "Web\Web.csproj", "{8537159A-86BD-42DE-A601-BE772383CD4B}"
EndProject
Project("{9A19103F-16F7-4668-BE54-9A1E7A4F7556}") = "Core", "Core\Core.csproj", "{AFC5D2DE-3136-4C8F-AEA5-39ACBC98034C}"
EndProject
Project("{9A19103F-16F7-4668-BE54-9A1E7A4F7556}") = "Infrastructure", "Infrastructure\Infrastructure.csproj", "{C35E9023-32C9-4E56-B36C-E22D05F7866C}"
EndProject
Project("{FAE04EC0-301F-11D3-BF4B-00C04F79EFBC}") = "Core.UnitTest", "Core.UnitTest\Core.UnitTest.csproj", "{36B00A8B-9B1C-4D7C-8B39-2AE8BBC1D395}"
EndProject
Global
	GlobalSection(SolutionConfigurationPlatforms) = preSolution
		Debug|Any CPU = Debug|Any CPU
		Release|Any CPU = Release|Any CPU
	EndGlobalSection
	GlobalSection(ProjectConfigurationPlatforms) = postSolution
		{8537159A-86BD-42DE-A601-BE772383CD4B}.Debug|Any CPU.ActiveCfg = Debug|Any CPU
		{8537159A-86BD-42DE-A601-BE772383CD4B}.Debug|Any CPU.Build.0 = Debug|Any CPU
		{8537159A-86BD-42DE-A601-BE772383CD4B}.Release|Any CPU.ActiveCfg = Release|Any CPU
		{8537159A-86BD-42DE-A601-BE772383CD4B}.Release|Any CPU.Build.0 = Release|Any CPU
		{AFC5D2DE-3136-4C8F-AEA5-39ACBC98034C}.Debug|Any CPU.ActiveCfg = Debug|Any CPU
		{AFC5D2DE-3136-4C8F-AEA5-39ACBC98034C}.Debug|Any CPU.Build.0 = Debug|Any CPU
		{AFC5D2DE-3136-4C8F-AEA5-39ACBC98034C}.Release|Any CPU.ActiveCfg = Release|Any CPU
		{AFC5D2DE-3136-4C8F-AEA5-39ACBC98034C}.Release|Any CPU.Build.0 = Release|Any CPU
		{C35E9023-32C9-4E56-B36C-E22D05F7866C}.Debug|Any CPU.ActiveCfg = Debug|Any CPU
		{C35E9023-32C9-4E56-B36C-E22D05F7866C}.Debug|Any CPU.Build.0 = Debug|Any CPU
		{C35E9023-32C9-4E56-B36C-E22D05F7866C}.Release|Any CPU.ActiveCfg = Release|Any CPU
		{C35E9023-32C9-4E56-B36C-E22D05F7866C}.Release|Any CPU.Build.0 = Release|Any CPU
		{36B00A8B-9B1C-4D7C-8B39-2AE8BBC1D395}.Debug|Any CPU.ActiveCfg = Debug|Any CPU
		{36B00A8B-9B1C-4D7C-8B39-2AE8BBC1D395}.Debug|Any CPU.Build.0 = Debug|Any CPU
		{36B00A8B-9B1C-4D7C-8B39-2AE8BBC1D395}.Release|Any CPU.ActiveCfg = Release|Any CPU
		{36B00A8B-9B1C-4D7C-8B39-2AE8BBC1D395}.Release|Any CPU.Build.0 = Release|Any CPU
	EndGlobalSection
	GlobalSection(SolutionProperties) = preSolution
		HideSolutionNode = FALSE
	EndGlobalSection
	GlobalSection(ExtensibilityGlobals) = postSolution
		SolutionGuid = {8159707B-8F8C-4633-94FD-FC137852C9A7}
	EndGlobalSection
EndGlobal
